
Microsoft Visual Studio Solution File, Format Version 12.00
# Visual Studio Version 16
VisualStudioVersion = 16.0.30503.244
MinimumVisualStudioVersion = 10.0.40219.1
Project("{FAE04EC0-301F-11D3-BF4B-00C04F79EFBC}") = "ConsoleApp2", "ConsoleApp2\ConsoleApp2.csproj", "{37E79A62-DF39-476F-8671-1397AF49BEAF}"
EndProject
Global
	GlobalSection(SolutionConfigurationPlatforms) = preSolution
		Debug|Any CPU = Debug|Any CPU
		Release|Any CPU = Release|Any CPU
	EndGlobalSection
	GlobalSection(ProjectConfigurationPlatforms) = postSolution
		{37E79A62-DF39-476F-8671-1397AF49BEAF}.Debug|Any CPU.ActiveCfg = Debug|Any CPU
		{37E79A62-DF39-476F-8671-1397AF49BEAF}.Debug|Any CPU.Build.0 = Debug|Any CPU
		{37E79A62-DF39-476F-8671-1397AF49BEAF}.Release|Any CPU.ActiveCfg = Release|Any CPU
		{37E79A62-DF39-476F-8671-1397AF49BEAF}.Release|Any CPU.Build.0 = Release|Any CPU
	EndGlobalSection
	GlobalSection(SolutionProperties) = preSolution
		HideSolutionNode = FALSE
	EndGlobalSection
	GlobalSection(ExtensibilityGlobals) = postSolution
		SolutionGuid = {7873CA16-AD97-4E7B-9D84-A4472D0B270D}
	EndGlobalSection
EndGlobal
